
Microsoft Visual Studio Solution File, Format Version 12.00
# Visual Studio Version 16
VisualStudioVersion = 16.0.29424.173
MinimumVisualStudioVersion = 10.0.40219.1
Project("{FAE04EC0-301F-11D3-BF4B-00C04F79EFBC}") = "DS18B201WireLib", "DS18B201WireLib\DS18B201WireLib.csproj", "{6B4F2276-0AC4-461C-8FB5-3E6D214425FB}"
EndProject
Project("{FAE04EC0-301F-11D3-BF4B-00C04F79EFBC}") = "WebExpress", "WebExpress\WebExpress.csproj", "{D8312DE4-87D8-488C-A684-EFB565292B24}"
EndProject
Project("{FAE04EC0-301F-11D3-BF4B-00C04F79EFBC}") = "WebExpress.UI", "WebExpress.UI\WebExpress.UI.csproj", "{56A8E697-27E5-4FDE-BCF4-84EA9A8FB2A1}"
EndProject
Project("{FAE04EC0-301F-11D3-BF4B-00C04F79EFBC}") = "TurtleBayNet.Plugin", "TurtleBayNet.Plugin\TurtleBayNet.Plugin.csproj", "{AA8EC07A-36BD-4411-9055-6D52B77A3BE7}"
EndProject
Project("{FAE04EC0-301F-11D3-BF4B-00C04F79EFBC}") = "TurtleBayNet", "TurtleBayNet\TurtleBayNet.csproj", "{FFB23CFC-BA11-4FD1-985C-D2BB582F4ECD}"
EndProject
Global
	GlobalSection(SolutionConfigurationPlatforms) = preSolution
		Debug|Any CPU = Debug|Any CPU
		Debug|ARM = Debug|ARM
		Debug|ARM64 = Debug|ARM64
		Debug|x64 = Debug|x64
		Debug|x86 = Debug|x86
		Release|Any CPU = Release|Any CPU
		Release|ARM = Release|ARM
		Release|ARM64 = Release|ARM64
		Release|x64 = Release|x64
		Release|x86 = Release|x86
	EndGlobalSection
	GlobalSection(ProjectConfigurationPlatforms) = postSolution
		{6B4F2276-0AC4-461C-8FB5-3E6D214425FB}.Debug|Any CPU.ActiveCfg = Debug|Any CPU
		{6B4F2276-0AC4-461C-8FB5-3E6D214425FB}.Debug|Any CPU.Build.0 = Debug|Any CPU
		{6B4F2276-0AC4-461C-8FB5-3E6D214425FB}.Debug|ARM.ActiveCfg = Debug|ARM
		{6B4F2276-0AC4-461C-8FB5-3E6D214425FB}.Debug|ARM.Build.0 = Debug|ARM
		{6B4F2276-0AC4-461C-8FB5-3E6D214425FB}.Debug|ARM64.ActiveCfg = Debug|ARM
		{6B4F2276-0AC4-461C-8FB5-3E6D214425FB}.Debug|ARM64.Build.0 = Debug|ARM
		{6B4F2276-0AC4-461C-8FB5-3E6D214425FB}.Debug|x64.ActiveCfg = Debug|x64
		{6B4F2276-0AC4-461C-8FB5-3E6D214425FB}.Debug|x64.Build.0 = Debug|x64
		{6B4F2276-0AC4-461C-8FB5-3E6D214425FB}.Debug|x86.ActiveCfg = Debug|x86
		{6B4F2276-0AC4-461C-8FB5-3E6D214425FB}.Debug|x86.Build.0 = Debug|x86
		{6B4F2276-0AC4-461C-8FB5-3E6D214425FB}.Release|Any CPU.ActiveCfg = Release|Any CPU
		{6B4F2276-0AC4-461C-8FB5-3E6D214425FB}.Release|Any CPU.Build.0 = Release|Any CPU
		{6B4F2276-0AC4-461C-8FB5-3E6D214425FB}.Release|ARM.ActiveCfg = Release|ARM
		{6B4F2276-0AC4-461C-8FB5-3E6D214425FB}.Release|ARM.Build.0 = Release|ARM
		{6B4F2276-0AC4-461C-8FB5-3E6D214425FB}.Release|ARM64.ActiveCfg = Release|Any CPU
		{6B4F2276-0AC4-461C-8FB5-3E6D214425FB}.Release|ARM64.Build.0 = Release|Any CPU
		{6B4F2276-0AC4-461C-8FB5-3E6D214425FB}.Release|x64.ActiveCfg = Release|x64
		{6B4F2276-0AC4-461C-8FB5-3E6D214425FB}.Release|x64.Build.0 = Release|x64
		{6B4F2276-0AC4-461C-8FB5-3E6D214425FB}.Release|x86.ActiveCfg = Release|x86
		{6B4F2276-0AC4-461C-8FB5-3E6D214425FB}.Release|x86.Build.0 = Release|x86
		{D8312DE4-87D8-488C-A684-EFB565292B24}.Debug|Any CPU.ActiveCfg = Debug|Any CPU
		{D8312DE4-87D8-488C-A684-EFB565292B24}.Debug|Any CPU.Build.0 = Debug|Any CPU
		{D8312DE4-87D8-488C-A684-EFB565292B24}.Debug|ARM.ActiveCfg = Debug|ARM
		{D8312DE4-87D8-488C-A684-EFB565292B24}.Debug|ARM.Build.0 = Debug|ARM
		{D8312DE4-87D8-488C-A684-EFB565292B24}.Debug|ARM64.ActiveCfg = Debug|ARM
		{D8312DE4-87D8-488C-A684-EFB565292B24}.Debug|ARM64.Build.0 = Debug|ARM
		{D8312DE4-87D8-488C-A684-EFB565292B24}.Debug|x64.ActiveCfg = Debug|x64
		{D8312DE4-87D8-488C-A684-EFB565292B24}.Debug|x64.Build.0 = Debug|x64
		{D8312DE4-87D8-488C-A684-EFB565292B24}.Debug|x86.ActiveCfg = Debug|x86
		{D8312DE4-87D8-488C-A684-EFB565292B24}.Debug|x86.Build.0 = Debug|x86
		{D8312DE4-87D8-488C-A684-EFB565292B24}.Release|Any CPU.ActiveCfg = Release|Any CPU
		{D8312DE4-87D8-488C-A684-EFB565292B24}.Release|Any CPU.Build.0 = Release|Any CPU
		{D8312DE4-87D8-488C-A684-EFB565292B24}.Release|ARM.ActiveCfg = Release|ARM
		{D8312DE4-87D8-488C-A684-EFB565292B24}.Release|ARM.Build.0 = Release|ARM
		{D8312DE4-87D8-488C-A684-EFB565292B24}.Release|ARM64.ActiveCfg = Release|Any CPU
		{D8312DE4-87D8-488C-A684-EFB565292B24}.Release|ARM64.Build.0 = Release|Any CPU
		{D8312DE4-87D8-488C-A684-EFB565292B24}.Release|x64.ActiveCfg = Release|x64
		{D8312DE4-87D8-488C-A684-EFB565292B24}.Release|x64.Build.0 = Release|x64
		{D8312DE4-87D8-488C-A684-EFB565292B24}.Release|x86.ActiveCfg = Release|x86
		{D8312DE4-87D8-488C-A684-EFB565292B24}.Release|x86.Build.0 = Release|x86
		{56A8E697-27E5-4FDE-BCF4-84EA9A8FB2A1}.Debug|Any CPU.ActiveCfg = Debug|Any CPU
		{56A8E697-27E5-4FDE-BCF4-84EA9A8FB2A1}.Debug|Any CPU.Build.0 = Debug|Any CPU
		{56A8E697-27E5-4FDE-BCF4-84EA9A8FB2A1}.Debug|ARM.ActiveCfg = Debug|ARM
		{56A8E697-27E5-4FDE-BCF4-84EA9A8FB2A1}.Debug|ARM.Build.0 = Debug|ARM
		{56A8E697-27E5-4FDE-BCF4-84EA9A8FB2A1}.Debug|ARM64.ActiveCfg = Debug|ARM
		{56A8E697-27E5-4FDE-BCF4-84EA9A8FB2A1}.Debug|ARM64.Build.0 = Debug|ARM
		{56A8E697-27E5-4FDE-BCF4-84EA9A8FB2A1}.Debug|x64.ActiveCfg = Debug|x64
		{56A8E697-27E5-4FDE-BCF4-84EA9A8FB2A1}.Debug|x64.Build.0 = Debug|x64
		{56A8E697-27E5-4FDE-BCF4-84EA9A8FB2A1}.Debug|x86.ActiveCfg = Debug|x86
		{56A8E697-27E5-4FDE-BCF4-84EA9A8FB2A1}.Debug|x86.Build.0 = Debug|x86
		{56A8E697-27E5-4FDE-BCF4-84EA9A8FB2A1}.Release|Any CPU.ActiveCfg = Release|Any CPU
		{56A8E697-27E5-4FDE-BCF4-84EA9A8FB2A1}.Release|Any CPU.Build.0 = Release|Any CPU
		{56A8E697-27E5-4FDE-BCF4-84EA9A8FB2A1}.Release|ARM.ActiveCfg = Release|ARM
		{56A8E697-27E5-4FDE-BCF4-84EA9A8FB2A1}.Release|ARM.Build.0 = Release|ARM
		{56A8E697-27E5-4FDE-BCF4-84EA9A8FB2A1}.Release|ARM64.ActiveCfg = Release|Any CPU
		{56A8E697-27E5-4FDE-BCF4-84EA9A8FB2A1}.Release|ARM64.Build.0 = Release|Any CPU
		{56A8E697-27E5-4FDE-BCF4-84EA9A8FB2A1}.Release|x64.ActiveCfg = Release|x64
		{56A8E697-27E5-4FDE-BCF4-84EA9A8FB2A1}.Release|x64.Build.0 = Release|x64
		{56A8E697-27E5-4FDE-BCF4-84EA9A8FB2A1}.Release|x86.ActiveCfg = Release|x86
		{56A8E697-27E5-4FDE-BCF4-84EA9A8FB2A1}.Release|x86.Build.0 = Release|x86
		{AA8EC07A-36BD-4411-9055-6D52B77A3BE7}.Debug|Any CPU.ActiveCfg = Debug|Any CPU
		{AA8EC07A-36BD-4411-9055-6D52B77A3BE7}.Debug|Any CPU.Build.0 = Debug|Any CPU
		{AA8EC07A-36BD-4411-9055-6D52B77A3BE7}.Debug|ARM.ActiveCfg = Debug|ARM
		{AA8EC07A-36BD-4411-9055-6D52B77A3BE7}.Debug|ARM.Build.0 = Debug|ARM
		{AA8EC07A-36BD-4411-9055-6D52B77A3BE7}.Debug|ARM64.ActiveCfg = Debug|ARM
		{AA8EC07A-36BD-4411-9055-6D52B77A3BE7}.Debug|ARM64.Build.0 = Debug|ARM
		{AA8EC07A-36BD-4411-9055-6D52B77A3BE7}.Debug|x64.ActiveCfg = Debug|x64
		{AA8EC07A-36BD-4411-9055-6D52B77A3BE7}.Debug|x64.Build.0 = Debug|x64
		{AA8EC07A-36BD-4411-9055-6D52B77A3BE7}.Debug|x86.ActiveCfg = Debug|x86
		{AA8EC07A-36BD-4411-9055-6D52B77A3BE7}.Debug|x86.Build.0 = Debug|x86
		{AA8EC07A-36BD-4411-9055-6D52B77A3BE7}.Release|Any CPU.ActiveCfg = Release|Any CPU
		{AA8EC07A-36BD-4411-9055-6D52B77A3BE7}.Release|Any CPU.Build.0 = Release|Any CPU
		{AA8EC07A-36BD-4411-9055-6D52B77A3BE7}.Release|ARM.ActiveCfg = Release|ARM
		{AA8EC07A-36BD-4411-9055-6D52B77A3BE7}.Release|ARM.Build.0 = Release|ARM
		{AA8EC07A-36BD-4411-9055-6D52B77A3BE7}.Release|ARM64.ActiveCfg = Release|ARM64
		{AA8EC07A-36BD-4411-9055-6D52B77A3BE7}.Release|ARM64.Build.0 = Release|ARM64
		{AA8EC07A-36BD-4411-9055-6D52B77A3BE7}.Release|x64.ActiveCfg = Release|x64
		{AA8EC07A-36BD-4411-9055-6D52B77A3BE7}.Release|x64.Build.0 = Release|x64
		{AA8EC07A-36BD-4411-9055-6D52B77A3BE7}.Release|x86.ActiveCfg = Release|x86
		{AA8EC07A-36BD-4411-9055-6D52B77A3BE7}.Release|x86.Build.0 = Release|x86
		{FFB23CFC-BA11-4FD1-985C-D2BB582F4ECD}.Debug|Any CPU.ActiveCfg = Debug|x86
		{FFB23CFC-BA11-4FD1-985C-D2BB582F4ECD}.Debug|ARM.ActiveCfg = Debug|ARM
		{FFB23CFC-BA11-4FD1-985C-D2BB582F4ECD}.Debug|ARM.Build.0 = Debug|ARM
		{FFB23CFC-BA11-4FD1-985C-D2BB582F4ECD}.Debug|ARM.Deploy.0 = Debug|ARM
		{FFB23CFC-BA11-4FD1-985C-D2BB582F4ECD}.Debug|ARM64.ActiveCfg = Debug|ARM
		{FFB23CFC-BA11-4FD1-985C-D2BB582F4ECD}.Debug|ARM64.Build.0 = Debug|ARM
		{FFB23CFC-BA11-4FD1-985C-D2BB582F4ECD}.Debug|ARM64.Deploy.0 = Debug|ARM
		{FFB23CFC-BA11-4FD1-985C-D2BB582F4ECD}.Debug|x64.ActiveCfg = Debug|x64
		{FFB23CFC-BA11-4FD1-985C-D2BB582F4ECD}.Debug|x64.Build.0 = Debug|x64
		{FFB23CFC-BA11-4FD1-985C-D2BB582F4ECD}.Debug|x64.Deploy.0 = Debug|x64
		{FFB23CFC-BA11-4FD1-985C-D2BB582F4ECD}.Debug|x86.ActiveCfg = Debug|x86
		{FFB23CFC-BA11-4FD1-985C-D2BB582F4ECD}.Debug|x86.Build.0 = Debug|x86
		{FFB23CFC-BA11-4FD1-985C-D2BB582F4ECD}.Debug|x86.Deploy.0 = Debug|x86
		{FFB23CFC-BA11-4FD1-985C-D2BB582F4ECD}.Release|Any CPU.ActiveCfg = Release|x86
		{FFB23CFC-BA11-4FD1-985C-D2BB582F4ECD}.Release|ARM.ActiveCfg = Release|ARM
		{FFB23CFC-BA11-4FD1-985C-D2BB582F4ECD}.Release|ARM.Build.0 = Release|ARM
		{FFB23CFC-BA11-4FD1-985C-D2BB582F4ECD}.Release|ARM.Deploy.0 = Release|ARM
		{FFB23CFC-BA11-4FD1-985C-D2BB582F4ECD}.Release|ARM64.ActiveCfg = Release|x86
		{FFB23CFC-BA11-4FD1-985C-D2BB582F4ECD}.Release|x64.ActiveCfg = Release|x64
		{FFB23CFC-BA11-4FD1-985C-D2BB582F4ECD}.Release|x64.Build.0 = Release|x64
		{FFB23CFC-BA11-4FD1-985C-D2BB582F4ECD}.Release|x64.Deploy.0 = Release|x64
		{FFB23CFC-BA11-4FD1-985C-D2BB582F4ECD}.Release|x86.ActiveCfg = Release|x86
		{FFB23CFC-BA11-4FD1-985C-D2BB582F4ECD}.Release|x86.Build.0 = Release|x86
		{FFB23CFC-BA11-4FD1-985C-D2BB582F4ECD}.Release|x86.Deploy.0 = Release|x86
	EndGlobalSection
	GlobalSection(SolutionProperties) = preSolution
		HideSolutionNode = FALSE
	EndGlobalSection
	GlobalSection(ExtensibilityGlobals) = postSolution
		SolutionGuid = {587376A8-0ADE-492C-90BE-FD4721003357}
	EndGlobalSection
EndGlobal
