
Microsoft Visual Studio Solution File, Format Version 12.00
# Visual Studio Version 16
VisualStudioVersion = 16.0.29509.3
MinimumVisualStudioVersion = 10.0.40219.1
Project("{9A19103F-16F7-4668-BE54-9A1E7A4F7556}") = "TurtleBay.App", "TurtleBay.App\TurtleBay.App.csproj", "{994CC020-212F-4366-B041-879F40AF0AE2}"
EndProject
Project("{9A19103F-16F7-4668-BE54-9A1E7A4F7556}") = "TurtleBay", "TurtleBay\TurtleBay.csproj", "{B87B836B-870E-48C6-9FC5-955828F941B0}"
EndProject
Project("{9A19103F-16F7-4668-BE54-9A1E7A4F7556}") = "WebExpress", "..\..\..\WebExpress\core\WebExpress\WebExpress.csproj", "{B3E64463-424C-4736-BB30-DD1E57FCC713}"
EndProject
Project("{9A19103F-16F7-4668-BE54-9A1E7A4F7556}") = "WebExpress.UI", "..\..\..\WebExpress\core\WebExpress.UI\WebExpress.UI.csproj", "{C3830184-2B7F-4FD5-8920-B00B6C1811BC}"
EndProject
Project("{9A19103F-16F7-4668-BE54-9A1E7A4F7556}") = "WebExpress.WebApp", "..\..\..\WebExpress\core\WebExpress.WebApp\WebExpress.WebApp.csproj", "{0C6C9C41-6ACD-4403-8EBF-394BBC3D6349}"
EndProject
Global
	GlobalSection(SolutionConfigurationPlatforms) = preSolution
		Debug|Any CPU = Debug|Any CPU
		Release|Any CPU = Release|Any CPU
	EndGlobalSection
	GlobalSection(ProjectConfigurationPlatforms) = postSolution
		{994CC020-212F-4366-B041-879F40AF0AE2}.Debug|Any CPU.ActiveCfg = Debug|Any CPU
		{994CC020-212F-4366-B041-879F40AF0AE2}.Debug|Any CPU.Build.0 = Debug|Any CPU
		{994CC020-212F-4366-B041-879F40AF0AE2}.Release|Any CPU.ActiveCfg = Release|Any CPU
		{994CC020-212F-4366-B041-879F40AF0AE2}.Release|Any CPU.Build.0 = Release|Any CPU
		{B87B836B-870E-48C6-9FC5-955828F941B0}.Debug|Any CPU.ActiveCfg = Debug|Any CPU
		{B87B836B-870E-48C6-9FC5-955828F941B0}.Debug|Any CPU.Build.0 = Debug|Any CPU
		{B87B836B-870E-48C6-9FC5-955828F941B0}.Release|Any CPU.ActiveCfg = Release|Any CPU
		{B87B836B-870E-48C6-9FC5-955828F941B0}.Release|Any CPU.Build.0 = Release|Any CPU
		{B3E64463-424C-4736-BB30-DD1E57FCC713}.Debug|Any CPU.ActiveCfg = Debug|Any CPU
		{B3E64463-424C-4736-BB30-DD1E57FCC713}.Debug|Any CPU.Build.0 = Debug|Any CPU
		{B3E64463-424C-4736-BB30-DD1E57FCC713}.Release|Any CPU.ActiveCfg = Release|Any CPU
		{B3E64463-424C-4736-BB30-DD1E57FCC713}.Release|Any CPU.Build.0 = Release|Any CPU
		{C3830184-2B7F-4FD5-8920-B00B6C1811BC}.Debug|Any CPU.ActiveCfg = Debug|Any CPU
		{C3830184-2B7F-4FD5-8920-B00B6C1811BC}.Debug|Any CPU.Build.0 = Debug|Any CPU
		{C3830184-2B7F-4FD5-8920-B00B6C1811BC}.Release|Any CPU.ActiveCfg = Release|Any CPU
		{C3830184-2B7F-4FD5-8920-B00B6C1811BC}.Release|Any CPU.Build.0 = Release|Any CPU
		{0C6C9C41-6ACD-4403-8EBF-394BBC3D6349}.Debug|Any CPU.ActiveCfg = Debug|Any CPU
		{0C6C9C41-6ACD-4403-8EBF-394BBC3D6349}.Debug|Any CPU.Build.0 = Debug|Any CPU
		{0C6C9C41-6ACD-4403-8EBF-394BBC3D6349}.Release|Any CPU.ActiveCfg = Release|Any CPU
		{0C6C9C41-6ACD-4403-8EBF-394BBC3D6349}.Release|Any CPU.Build.0 = Release|Any CPU
	EndGlobalSection
	GlobalSection(SolutionProperties) = preSolution
		HideSolutionNode = FALSE
	EndGlobalSection
	GlobalSection(ExtensibilityGlobals) = postSolution
		SolutionGuid = {278E9CF2-CA8B-4BC6-B366-B9B090E99941}
	EndGlobalSection
EndGlobal
